
Microsoft Visual Studio Solution File, Format Version 12.00
# Visual Studio 15
VisualStudioVersion = 15.0.27130.2024
MinimumVisualStudioVersion = 10.0.40219.1
Project("{FAE04EC0-301F-11D3-BF4B-00C04F79EFBC}") = "Web", "Web\Web.csproj", "{3EEE5309-1472-406D-ABB5-9A7AB63C48C5}"
EndProject
Project("{FAE04EC0-301F-11D3-BF4B-00C04F79EFBC}") = "Dominio", "Dominio\Dominio.csproj", "{5CC0857C-DD4B-4FCD-AFBA-9C6BE32F1F06}"
EndProject
Project("{2150E333-8FDC-42A3-9474-1A3956D46DE8}") = "Teste", "Teste", "{CBF3478A-0BCD-4CEE-AC75-B286B25F4812}"
EndProject
Project("{FAE04EC0-301F-11D3-BF4B-00C04F79EFBC}") = "Dominio.Testes", "Dominio.Testes\Dominio.Testes.csproj", "{E739946D-29D9-4D0F-B382-B5FFDE2F8A74}"
EndProject
Project("{2150E333-8FDC-42A3-9474-1A3956D46DE8}") = "Aplicacao", "Aplicacao", "{778ABC5F-98C2-41A4-801A-710F755A783A}"
EndProject
Global
	GlobalSection(SolutionConfigurationPlatforms) = preSolution
		Debug|Any CPU = Debug|Any CPU
		Release|Any CPU = Release|Any CPU
	EndGlobalSection
	GlobalSection(ProjectConfigurationPlatforms) = postSolution
		{3EEE5309-1472-406D-ABB5-9A7AB63C48C5}.Debug|Any CPU.ActiveCfg = Debug|Any CPU
		{3EEE5309-1472-406D-ABB5-9A7AB63C48C5}.Debug|Any CPU.Build.0 = Debug|Any CPU
		{3EEE5309-1472-406D-ABB5-9A7AB63C48C5}.Release|Any CPU.ActiveCfg = Release|Any CPU
		{3EEE5309-1472-406D-ABB5-9A7AB63C48C5}.Release|Any CPU.Build.0 = Release|Any CPU
		{5CC0857C-DD4B-4FCD-AFBA-9C6BE32F1F06}.Debug|Any CPU.ActiveCfg = Debug|Any CPU
		{5CC0857C-DD4B-4FCD-AFBA-9C6BE32F1F06}.Debug|Any CPU.Build.0 = Debug|Any CPU
		{5CC0857C-DD4B-4FCD-AFBA-9C6BE32F1F06}.Release|Any CPU.ActiveCfg = Release|Any CPU
		{5CC0857C-DD4B-4FCD-AFBA-9C6BE32F1F06}.Release|Any CPU.Build.0 = Release|Any CPU
		{E739946D-29D9-4D0F-B382-B5FFDE2F8A74}.Debug|Any CPU.ActiveCfg = Debug|Any CPU
		{E739946D-29D9-4D0F-B382-B5FFDE2F8A74}.Debug|Any CPU.Build.0 = Debug|Any CPU
		{E739946D-29D9-4D0F-B382-B5FFDE2F8A74}.Release|Any CPU.ActiveCfg = Release|Any CPU
		{E739946D-29D9-4D0F-B382-B5FFDE2F8A74}.Release|Any CPU.Build.0 = Release|Any CPU
	EndGlobalSection
	GlobalSection(SolutionProperties) = preSolution
		HideSolutionNode = FALSE
	EndGlobalSection
	GlobalSection(NestedProjects) = preSolution
		{3EEE5309-1472-406D-ABB5-9A7AB63C48C5} = {778ABC5F-98C2-41A4-801A-710F755A783A}
		{5CC0857C-DD4B-4FCD-AFBA-9C6BE32F1F06} = {778ABC5F-98C2-41A4-801A-710F755A783A}
		{E739946D-29D9-4D0F-B382-B5FFDE2F8A74} = {CBF3478A-0BCD-4CEE-AC75-B286B25F4812}
	EndGlobalSection
	GlobalSection(ExtensibilityGlobals) = postSolution
		SolutionGuid = {7E50084E-D03F-44D0-BF8A-84B928009627}
	EndGlobalSection
EndGlobal
